
Microsoft Visual Studio Solution File, Format Version 12.00
# Visual Studio Version 17
VisualStudioVersion = 17.4.33122.133
MinimumVisualStudioVersion = 10.0.40219.1
Project("{FAE04EC0-301F-11D3-BF4B-00C04F79EFBC}") = "Poligon2026b", "Poligon2026b.csproj", "{C65FDC3A-967A-472A-8707-D8B1DCB7CEBD}"
EndProject
Global
	GlobalSection(SolutionConfigurationPlatforms) = preSolution
		Debug|Any CPU = Debug|Any CPU
		Release|Any CPU = Release|Any CPU
	EndGlobalSection
	GlobalSection(ProjectConfigurationPlatforms) = postSolution
		{C65FDC3A-967A-472A-8707-D8B1DCB7CEBD}.Debug|Any CPU.ActiveCfg = Debug|Any CPU
		{C65FDC3A-967A-472A-8707-D8B1DCB7CEBD}.Debug|Any CPU.Build.0 = Debug|Any CPU
		{C65FDC3A-967A-472A-8707-D8B1DCB7CEBD}.Release|Any CPU.ActiveCfg = Release|Any CPU
		{C65FDC3A-967A-472A-8707-D8B1DCB7CEBD}.Release|Any CPU.Build.0 = Release|Any CPU
	EndGlobalSection
	GlobalSection(SolutionProperties) = preSolution
		HideSolutionNode = FALSE
	EndGlobalSection
	GlobalSection(ExtensibilityGlobals) = postSolution
		SolutionGuid = {CEA7D6BA-DD74-4893-AE06-F90389178EE4}
	EndGlobalSection
EndGlobal
